
Microsoft Visual Studio Solution File, Format Version 12.00
# Visual Studio Version 16
VisualStudioVersion = 16.0.31321.278
MinimumVisualStudioVersion = 10.0.40219.1
Project("{FAE04EC0-301F-11D3-BF4B-00C04F79EFBC}") = "HRManagementSystem", "HRManagementSystem\HRManagementSystem.csproj", "{ED9505C7-0409-4257-ADE2-AE029F8B3DC0}"
EndProject
Global
	GlobalSection(SolutionConfigurationPlatforms) = preSolution
		Debug|Any CPU = Debug|Any CPU
		Release|Any CPU = Release|Any CPU
	EndGlobalSection
	GlobalSection(ProjectConfigurationPlatforms) = postSolution
		{ED9505C7-0409-4257-ADE2-AE029F8B3DC0}.Debug|Any CPU.ActiveCfg = Debug|Any CPU
		{ED9505C7-0409-4257-ADE2-AE029F8B3DC0}.Debug|Any CPU.Build.0 = Debug|Any CPU
		{ED9505C7-0409-4257-ADE2-AE029F8B3DC0}.Release|Any CPU.ActiveCfg = Release|Any CPU
		{ED9505C7-0409-4257-ADE2-AE029F8B3DC0}.Release|Any CPU.Build.0 = Release|Any CPU
	EndGlobalSection
	GlobalSection(SolutionProperties) = preSolution
		HideSolutionNode = FALSE
	EndGlobalSection
	GlobalSection(ExtensibilityGlobals) = postSolution
		SolutionGuid = {E563C238-061E-4F5D-A281-85D95545FBA2}
	EndGlobalSection
EndGlobal
